
Microsoft Visual Studio Solution File, Format Version 12.00
# Visual Studio Version 17
VisualStudioVersion = 17.8.34330.188
MinimumVisualStudioVersion = 10.0.40219.1
Project("{FAE04EC0-301F-11D3-BF4B-00C04F79EFBC}") = "MagicVilla_API", "MagicVilla_API\MagicVilla_API.csproj", "{D8EBA670-7DA7-4ADB-8345-6C2ACF441D3F}"
EndProject
Global
	GlobalSection(SolutionConfigurationPlatforms) = preSolution
		Debug|Any CPU = Debug|Any CPU
		Release|Any CPU = Release|Any CPU
	EndGlobalSection
	GlobalSection(ProjectConfigurationPlatforms) = postSolution
		{D8EBA670-7DA7-4ADB-8345-6C2ACF441D3F}.Debug|Any CPU.ActiveCfg = Debug|Any CPU
		{D8EBA670-7DA7-4ADB-8345-6C2ACF441D3F}.Debug|Any CPU.Build.0 = Debug|Any CPU
		{D8EBA670-7DA7-4ADB-8345-6C2ACF441D3F}.Release|Any CPU.ActiveCfg = Release|Any CPU
		{D8EBA670-7DA7-4ADB-8345-6C2ACF441D3F}.Release|Any CPU.Build.0 = Release|Any CPU
	EndGlobalSection
	GlobalSection(SolutionProperties) = preSolution
		HideSolutionNode = FALSE
	EndGlobalSection
	GlobalSection(ExtensibilityGlobals) = postSolution
		SolutionGuid = {DBB5C8EA-2E26-41B2-B98F-E65E0F787254}
	EndGlobalSection
EndGlobal
